github.com/kyokomi/emoji/v2 v2.2.8 h1:jcofPxjHWEkJtkIbcLHvZhxKgCPl6C7MyjTrD4KDqUE=
github.com/kyokomi/emoji/v2 v2.2.8/go.mod h1:JUcn42DTdsXJo1SWanHh4HKDEyPaR5CqkmoirZZP9qE=
github.com/lunux2008/xulu v0.0.0-20160308154621-fff51ca7218e h1:iAGWUI7D6hezNAstXvEapnCbkIkIxDXuLuWEO275D/w=
github.com/lunux2008/xulu v0.0.0-20160308154621-fff51ca7218e/go.mod h1:XxHK3kRbzMB1MyA9rbSEaxYir37CZZZNhCRtnyWpZkg=
